// !$*UTF8*$!
{
	archiveVersion = 1;
	classes = {
	};
	objectVersion = 56;
	objects = {

/* Begin PBXBuildFile section */
		D580FB792C73A21F00B20F14 /* Bluetooth_ConnectionApp.swift in Sources */ = {isa = PBXBuildFile; fileRef = D580FB782C73A21F00B20F14 /* Bluetooth_ConnectionApp.swift */; };
		D580FB7B2C73A21F00B20F14 /* ContentView.swift in Sources */ = {isa = PBXBuildFile; fileRef = D580FB7A2C73A21F00B20F14 /* ContentView.swift */; };
		D580FB7D2C73A22000B20F14 /* Assets.xcassets in Resources */ = {isa = PBXBuildFile; fileRef = D580FB7C2C73A22000B20F14 /* Assets.xcassets */; };
		D580FB812C73A22000B20F14 /* Preview Assets.xcassets in Resources */ = {isa = PBXBuildFile; fileRef = D580FB802C73A22000B20F14 /* Preview Assets.xcassets */; };
		D580FB8B2C73A22000B20F14 /* Bluetooth_ConnectionTests.swift in Sources */ = {isa = PBXBuildFile; fileRef = D580FB8A2C73A22000B20F14 /* Bluetooth_ConnectionTests.swift */; };
		D580FB952C73A22000B20F14 /* Bluetooth_ConnectionUITests.swift in Sources */ = {isa = PBXBuildFile; fileRef = D580FB942C73A22000B20F14 /* Bluetooth_ConnectionUITests.swift */; };
		D580FB972C73A22000B20F14 /* Bluetooth_ConnectionUITestsLaunchTests.swift in Sources */ = {isa = PBXBuildFile; fileRef = D580FB962C73A22000B20F14 /* Bluetooth_ConnectionUITestsLaunchTests.swift */; };
		D580FBA42C73A26000B20F14 /* BluetoothManager.swift in Sources */ = {isa = PBXBuildFile; fileRef = D580FBA32C73A26000B20F14 /* BluetoothManager.swift */; };
		D5AFF86E2C7F7755008201E5 /* CurtainView.swift in Sources */ = {isa = PBXBuildFile; fileRef = D5AFF86D2C7F7755008201E5 /* CurtainView.swift */; };
		D5AFF8702C7F86C0008201E5 /* Connection.swift in Sources */ = {isa = PBXBuildFile; fileRef = D5AFF86F2C7F86C0008201E5 /* Connection.swift */; };
/* End PBXBuildFile section */

/* Begin PBXContainerItemProxy section */
		D580FB872C73A22000B20F14 /* PBXContainerItemProxy */ = {
			isa = PBXContainerItemProxy;
			containerPortal = D580FB6D2C73A21F00B20F14 /* Project object */;
			proxyType = 1;
			remoteGlobalIDString = D580FB742C73A21F00B20F14;
			remoteInfo = "Bluetooth Connection";
		};
		D580FB912C73A22000B20F14 /* PBXContainerItemProxy */ = {
			isa = PBXContainerItemProxy;
			containerPortal = D580FB6D2C73A21F00B20F14 /* Project object */;
			proxyType = 1;
			remoteGlobalIDString = D580FB742C73A21F00B20F14;
			remoteInfo = "Bluetooth Connection";
		};
/* End PBXContainerItemProxy section */

/* Begin PBXFileReference section */
		D551664F2C73A47A002DEB33 /* Bluetooth-ConnectionTests-Info.plist */ = {isa = PBXFileReference; lastKnownFileType = text.plist; path = "Bluetooth-ConnectionTests-Info.plist"; sourceTree = SOURCE_ROOT; };
		D580FB752C73A21F00B20F14 /* Bluetooth Connection.app */ = {isa = PBXFileReference; explicitFileType = wrapper.application; includeInIndex = 0; path = "Bluetooth Connection.app"; sourceTree = BUILT_PRODUCTS_DIR; };
		D580FB782C73A21F00B20F14 /* Bluetooth_ConnectionApp.swift */ = {isa = PBXFileReference; lastKnownFileType = sourcecode.swift; path = Bluetooth_ConnectionApp.swift; sourceTree = "<group>"; };
		D580FB7A2C73A21F00B20F14 /* ContentView.swift */ = {isa = PBXFileReference; lastKnownFileType = sourcecode.swift; path = ContentView.swift; sourceTree = "<group>"; };
		D580FB7C2C73A22000B20F14 /* Assets.xcassets */ = {isa = PBXFileReference; lastKnownFileType = folder.assetcatalog; path = Assets.xcassets; sourceTree = "<group>"; };
		D580FB7E2C73A22000B20F14 /* Bluetooth_Connection.entitlements */ = {isa = PBXFileReference; lastKnownFileType = text.plist.entitlements; path = Bluetooth_Connection.entitlements; sourceTree = "<group>"; };
		D580FB802C73A22000B20F14 /* Preview Assets.xcassets */ = {isa = PBXFileReference; lastKnownFileType = folder.assetcatalog; path = "Preview Assets.xcassets"; sourceTree = "<group>"; };
		D580FB862C73A22000B20F14 /* Bluetooth ConnectionTests.xctest */ = {isa = PBXFileReference; explicitFileType = wrapper.cfbundle; includeInIndex = 0; path = "Bluetooth ConnectionTests.xctest"; sourceTree = BUILT_PRODUCTS_DIR; };
		D580FB8A2C73A22000B20F14 /* Bluetooth_ConnectionTests.swift */ = {isa = PBXFileReference; lastKnownFileType = sourcecode.swift; path = Bluetooth_ConnectionTests.swift; sourceTree = "<group>"; };
		D580FB902C73A22000B20F14 /* Bluetooth ConnectionUITests.xctest */ = {isa = PBXFileReference; explicitFileType = wrapper.cfbundle; includeInIndex = 0; path = "Bluetooth ConnectionUITests.xctest"; sourceTree = BUILT_PRODUCTS_DIR; };
		D580FB942C73A22000B20F14 /* Bluetooth_ConnectionUITests.swift */ = {isa = PBXFileReference; lastKnownFileType = sourcecode.swift; path = Bluetooth_ConnectionUITests.swift; sourceTree = "<group>"; };
		D580FB962C73A22000B20F14 /* Bluetooth_ConnectionUITestsLaunchTests.swift */ = {isa = PBXFileReference; lastKnownFileType = sourcecode.swift; path = Bluetooth_ConnectionUITestsLaunchTests.swift; sourceTree = "<group>"; };
		D580FBA32C73A26000B20F14 /* BluetoothManager.swift */ = {isa = PBXFileReference; lastKnownFileType = sourcecode.swift; path = BluetoothManager.swift; sourceTree = "<group>"; };
		D5AFF86D2C7F7755008201E5 /* CurtainView.swift */ = {isa = PBXFileReference; lastKnownFileType = sourcecode.swift; path = CurtainView.swift; sourceTree = "<group>"; };
		D5AFF86F2C7F86C0008201E5 /* Connection.swift */ = {isa = PBXFileReference; lastKnownFileType = sourcecode.swift; path = Connection.swift; sourceTree = "<group>"; };
/* End PBXFileReference section */

/* Begin PBXFrameworksBuildPhase section */
		D580FB722C73A21F00B20F14 /* Frameworks */ = {
			isa = PBXFrameworksBuildPhase;
			buildActionMask = 2147483647;
			files = (
			);
			runOnlyForDeploymentPostprocessing = 0;
		};
		D580FB832C73A22000B20F14 /* Frameworks */ = {
			isa = PBXFrameworksBuildPhase;
			buildActionMask = 2147483647;
			files = (
			);
			runOnlyForDeploymentPostprocessing = 0;
		};
		D580FB8D2C73A22000B20F14 /* Frameworks */ = {
			isa = PBXFrameworksBuildPhase;
			buildActionMask = 2147483647;
			files = (
			);
			runOnlyForDeploymentPostprocessing = 0;
		};
/* End PBXFrameworksBuildPhase section */

/* Begin PBXGroup section */
		D580FB6C2C73A21F00B20F14 = {
			isa = PBXGroup;
			children = (
				D580FB772C73A21F00B20F14 /* Bluetooth Connection */,
				D580FB892C73A22000B20F14 /* Bluetooth ConnectionTests */,
				D580FB932C73A22000B20F14 /* Bluetooth ConnectionUITests */,
				D580FB762C73A21F00B20F14 /* Products */,
			);
			sourceTree = "<group>";
		};
		D580FB762C73A21F00B20F14 /* Products */ = {
			isa = PBXGroup;
			children = (
				D580FB752C73A21F00B20F14 /* Bluetooth Connection.app */,
				D580FB862C73A22000B20F14 /* Bluetooth ConnectionTests.xctest */,
				D580FB902C73A22000B20F14 /* Bluetooth ConnectionUITests.xctest */,
			);
			name = Products;
			sourceTree = "<group>";
		};
		D580FB772C73A21F00B20F14 /* Bluetooth Connection */ = {
			isa = PBXGroup;
			children = (
				D580FB782C73A21F00B20F14 /* Bluetooth_ConnectionApp.swift */,
				D580FB7A2C73A21F00B20F14 /* ContentView.swift */,
				D5AFF86F2C7F86C0008201E5 /* Connection.swift */,
				D580FBA32C73A26000B20F14 /* BluetoothManager.swift */,
				D5AFF86D2C7F7755008201E5 /* CurtainView.swift */,
				D580FB7C2C73A22000B20F14 /* Assets.xcassets */,
				D580FB7E2C73A22000B20F14 /* Bluetooth_Connection.entitlements */,
				D580FB7F2C73A22000B20F14 /* Preview Content */,
			);
			path = "Bluetooth Connection";
			sourceTree = "<group>";
		};
		D580FB7F2C73A22000B20F14 /* Preview Content */ = {
			isa = PBXGroup;
			children = (
				D580FB802C73A22000B20F14 /* Preview Assets.xcassets */,
			);
			path = "Preview Content";
			sourceTree = "<group>";
		};
		D580FB892C73A22000B20F14 /* Bluetooth ConnectionTests */ = {
			isa = PBXGroup;
			children = (
				D551664F2C73A47A002DEB33 /* Bluetooth-ConnectionTests-Info.plist */,
				D580FB8A2C73A22000B20F14 /* Bluetooth_ConnectionTests.swift */,
			);
			path = "Bluetooth ConnectionTests";
			sourceTree = "<group>";
		};
		D580FB932C73A22000B20F14 /* Bluetooth ConnectionUITests */ = {
			isa = PBXGroup;
			children = (
				D580FB942C73A22000B20F14 /* Bluetooth_ConnectionUITests.swift */,
				D580FB962C73A22000B20F14 /* Bluetooth_ConnectionUITestsLaunchTests.swift */,
			);
			path = "Bluetooth ConnectionUITests";
			sourceTree = "<group>";
		};
/* End PBXGroup section */

/* Begin PBXNativeTarget section */
		D580FB742C73A21F00B20F14 /* Bluetooth Connection */ = {
			isa = PBXNativeTarget;
			buildConfigurationList = D580FB9A2C73A22000B20F14 /* Build configuration list for PBXNativeTarget "Bluetooth Connection" */;
			buildPhases = (
				D580FB712C73A21F00B20F14 /* Sources */,
				D580FB722C73A21F00B20F14 /* Frameworks */,
				D580FB732C73A21F00B20F14 /* Resources */,
			);
			buildRules = (
			);
			dependencies = (
			);
			name = "Bluetooth Connection";
			productName = "Bluetooth Connection";
			productReference = D580FB752C73A21F00B20F14 /* Bluetooth Connection.app */;
			productType = "com.apple.product-type.application";
		};
		D580FB852C73A22000B20F14 /* Bluetooth ConnectionTests */ = {
			isa = PBXNativeTarget;
			buildConfigurationList = D580FB9D2C73A22000B20F14 /* Build configuration list for PBXNativeTarget "Bluetooth ConnectionTests" */;
			buildPhases = (
				D580FB822C73A22000B20F14 /* Sources */,
				D580FB832C73A22000B20F14 /* Frameworks */,
				D580FB842C73A22000B20F14 /* Resources */,
			);
			buildRules = (
			);
			dependencies = (
				D580FB882C73A22000B20F14 /* PBXTargetDependency */,
			);
			name = "Bluetooth ConnectionTests";
			productName = "Bluetooth ConnectionTests";
			productReference = D580FB862C73A22000B20F14 /* Bluetooth ConnectionTests.xctest */;
			productType = "com.apple.product-type.bundle.unit-test";
		};
		D580FB8F2C73A22000B20F14 /* Bluetooth ConnectionUITests */ = {
			isa = PBXNativeTarget;
			buildConfigurationList = D580FBA02C73A22000B20F14 /* Build configuration list for PBXNativeTarget "Bluetooth ConnectionUITests" */;
			buildPhases = (
				D580FB8C2C73A22000B20F14 /* Sources */,
				D580FB8D2C73A22000B20F14 /* Frameworks */,
				D580FB8E2C73A22000B20F14 /* Resources */,
			);
			buildRules = (
			);
			dependencies = (
				D580FB922C73A22000B20F14 /* PBXTargetDependency */,
			);
			name = "Bluetooth ConnectionUITests";
			productName = "Bluetooth ConnectionUITests";
			productReference = D580FB902C73A22000B20F14 /* Bluetooth ConnectionUITests.xctest */;
			productType = "com.apple.product-type.bundle.ui-testing";
		};
/* End PBXNativeTarget section */

/* Begin PBXProject section */
		D580FB6D2C73A21F00B20F14 /* Project object */ = {
			isa = PBXProject;
			attributes = {
				BuildIndependentTargetsInParallel = 1;
				LastSwiftUpdateCheck = 1530;
				LastUpgradeCheck = 1530;
				TargetAttributes = {
					D580FB742C73A21F00B20F14 = {
						CreatedOnToolsVersion = 15.3;
						LastSwiftMigration = 1530;
					};
					D580FB852C73A22000B20F14 = {
						CreatedOnToolsVersion = 15.3;
						TestTargetID = D580FB742C73A21F00B20F14;
					};
					D580FB8F2C73A22000B20F14 = {
						CreatedOnToolsVersion = 15.3;
						TestTargetID = D580FB742C73A21F00B20F14;
					};
				};
			};
			buildConfigurationList = D580FB702C73A21F00B20F14 /* Build configuration list for PBXProject "Bluetooth Connection" */;
			compatibilityVersion = "Xcode 14.0";
			developmentRegion = en;
			hasScannedForEncodings = 0;
			knownRegions = (
				en,
				Base,
			);
			mainGroup = D580FB6C2C73A21F00B20F14;
			productRefGroup = D580FB762C73A21F00B20F14 /* Products */;
			projectDirPath = "";
			projectRoot = "";
			targets = (
				D580FB742C73A21F00B20F14 /* Bluetooth Connection */,
				D580FB852C73A22000B20F14 /* Bluetooth ConnectionTests */,
				D580FB8F2C73A22000B20F14 /* Bluetooth ConnectionUITests */,
			);
		};
/* End PBXProject section */

/* Begin PBXResourcesBuildPhase section */
		D580FB732C73A21F00B20F14 /* Resources */ = {
			isa = PBXResourcesBuildPhase;
			buildActionMask = 2147483647;
			files = (
				D580FB812C73A22000B20F14 /* Preview Assets.xcassets in Resources */,
				D580FB7D2C73A22000B20F14 /* Assets.xcassets in Resources */,
			);
			runOnlyForDeploymentPostprocessing = 0;
		};
		D580FB842C73A22000B20F14 /* Resources */ = {
			isa = PBXResourcesBuildPhase;
			buildActionMask = 2147483647;
			files = (
			);
			runOnlyForDeploymentPostprocessing = 0;
		};
		D580FB8E2C73A22000B20F14 /* Resources */ = {
			isa = PBXResourcesBuildPhase;
			buildActionMask = 2147483647;
			files = (
			);
			runOnlyForDeploymentPostprocessing = 0;
		};
/* End PBXResourcesBuildPhase section */

/* Begin PBXSourcesBuildPhase section */
		D580FB712C73A21F00B20F14 /* Sources */ = {
			isa = PBXSourcesBuildPhase;
			buildActionMask = 2147483647;
			files = (
				D580FB7B2C73A21F00B20F14 /* ContentView.swift in Sources */,
				D580FBA42C73A26000B20F14 /* BluetoothManager.swift in Sources */,
				D5AFF8702C7F86C0008201E5 /* Connection.swift in Sources */,
				D5AFF86E2C7F7755008201E5 /* CurtainView.swift in Sources */,
				D580FB792C73A21F00B20F14 /* Bluetooth_ConnectionApp.swift in Sources */,
			);
			runOnlyForDeploymentPostprocessing = 0;
		};
		D580FB822C73A22000B20F14 /* Sources */ = {
			isa = PBXSourcesBuildPhase;
			buildActionMask = 2147483647;
			files = (
				D580FB8B2C73A22000B20F14 /* Bluetooth_ConnectionTests.swift in Sources */,
			);
			runOnlyForDeploymentPostprocessing = 0;
		};
		D580FB8C2C73A22000B20F14 /* Sources */ = {
			isa = PBXSourcesBuildPhase;
			buildActionMask = 2147483647;
			files = (
				D580FB952C73A22000B20F14 /* Bluetooth_ConnectionUITests.swift in Sources */,
				D580FB972C73A22000B20F14 /* Bluetooth_ConnectionUITestsLaunchTests.swift in Sources */,
			);
			runOnlyForDeploymentPostprocessing = 0;
		};
/* End PBXSourcesBuildPhase section */

/* Begin PBXTargetDependency section */
		D580FB882C73A22000B20F14 /* PBXTargetDependency */ = {
			isa = PBXTargetDependency;
			target = D580FB742C73A21F00B20F14 /* Bluetooth Connection */;
			targetProxy = D580FB872C73A22000B20F14 /* PBXContainerItemProxy */;
		};
		D580FB922C73A22000B20F14 /* PBXTargetDependency */ = {
			isa = PBXTargetDependency;
			target = D580FB742C73A21F00B20F14 /* Bluetooth Connection */;
			targetProxy = D580FB912C73A22000B20F14 /* PBXContainerItemProxy */;
		};
/* End PBXTargetDependency section */

/* Begin XCBuildConfiguration section */
		D580FB982C73A22000B20F14 /* Debug */ = {
			isa = XCBuildConfiguration;
			buildSettings = {
				ALWAYS_SEARCH_USER_PATHS = NO;
				ASSETCATALOG_COMPILER_GENERATE_SWIFT_ASSET_SYMBOL_EXTENSIONS = YES;
				CLANG_ANALYZER_NONNULL = YES;
				CLANG_ANALYZER_NUMBER_OBJECT_CONVERSION = YES_AGGRESSIVE;
				CLANG_CXX_LANGUAGE_STANDARD = "gnu++20";
				CLANG_ENABLE_MODULES = YES;
				CLANG_ENABLE_OBJC_ARC = YES;
				CLANG_ENABLE_OBJC_WEAK = YES;
				CLANG_WARN_BLOCK_CAPTURE_AUTORELEASING = YES;
				CLANG_WARN_BOOL_CONVERSION = YES;
				CLANG_WARN_COMMA = YES;
				CLANG_WARN_CONSTANT_CONVERSION = YES;
				CLANG_WARN_DEPRECATED_OBJC_IMPLEMENTATIONS = YES;
				CLANG_WARN_DIRECT_OBJC_ISA_USAGE = YES_ERROR;
				CLANG_WARN_DOCUMENTATION_COMMENTS = YES;
				CLANG_WARN_EMPTY_BODY = YES;
				CLANG_WARN_ENUM_CONVERSION = YES;
				CLANG_WARN_INFINITE_RECURSION = YES;
				CLANG_WARN_INT_CONVERSION = YES;
				CLANG_WARN_NON_LITERAL_NULL_CONVERSION = YES;
				CLANG_WARN_OBJC_IMPLICIT_RETAIN_SELF = YES;
				CLANG_WARN_OBJC_LITERAL_CONVERSION = YES;
				CLANG_WARN_OBJC_ROOT_CLASS = YES_ERROR;
				CLANG_WARN_QUOTED_INCLUDE_IN_FRAMEWORK_HEADER = YES;
				CLANG_WARN_RANGE_LOOP_ANALYSIS = YES;
				CLANG_WARN_STRICT_PROTOTYPES = YES;
				CLANG_WARN_SUSPICIOUS_MOVE = YES;
				CLANG_WARN_UNGUARDED_AVAILABILITY = YES_AGGRESSIVE;
				CLANG_WARN_UNREACHABLE_CODE = YES;
				CLANG_WARN__DUPLICATE_METHOD_MATCH = YES;
				COPY_PHASE_STRIP = NO;
				DEBUG_INFORMATION_FORMAT = dwarf;
				ENABLE_STRICT_OBJC_MSGSEND = YES;
				ENABLE_TESTABILITY = YES;
				ENABLE_USER_SCRIPT_SANDBOXING = YES;
				GCC_C_LANGUAGE_STANDARD = gnu17;
				GCC_DYNAMIC_NO_PIC = NO;
				GCC_NO_COMMON_BLOCKS = YES;
				GCC_OPTIMIZATION_LEVEL = 0;
				GCC_PREPROCESSOR_DEFINITIONS = (
					"DEBUG=1",
					"$(inherited)",
				);
				GCC_WARN_64_TO_32_BIT_CONVERSION = YES;
				GCC_WARN_ABOUT_RETURN_TYPE = YES_ERROR;
				GCC_WARN_UNDECLARED_SELECTOR = YES;
				GCC_WARN_UNINITIALIZED_AUTOS = YES_AGGRESSIVE;
				GCC_WARN_UNUSED_FUNCTION = YES;
				GCC_WARN_UNUSED_VARIABLE = YES;
				LOCALIZATION_PREFERS_STRING_CATALOGS = YES;
				MTL_ENABLE_DEBUG_INFO = INCLUDE_SOURCE;
				MTL_FAST_MATH = YES;
				ONLY_ACTIVE_ARCH = YES;
				SWIFT_ACTIVE_COMPILATION_CONDITIONS = "DEBUG $(inherited)";
				SWIFT_OPTIMIZATION_LEVEL = "-Onone";
			};
			name = Debug;
		};
		D580FB992C73A22000B20F14 /* Release */ = {
			isa = XCBuildConfiguration;
			buildSettings = {
				ALWAYS_SEARCH_USER_PATHS = NO;
				ASSETCATALOG_COMPILER_GENERATE_SWIFT_ASSET_SYMBOL_EXTENSIONS = YES;
				CLANG_ANALYZER_NONNULL = YES;
				CLANG_ANALYZER_NUMBER_OBJECT_CONVERSION = YES_AGGRESSIVE;
				CLANG_CXX_LANGUAGE_STANDARD = "gnu++20";
				CLANG_ENABLE_MODULES = YES;
				CLANG_ENABLE_OBJC_ARC = YES;
				CLANG_ENABLE_OBJC_WEAK = YES;
				CLANG_WARN_BLOCK_CAPTURE_AUTORELEASING = YES;
				CLANG_WARN_BOOL_CONVERSION = YES;
				CLANG_WARN_COMMA = YES;
				CLANG_WARN_CONSTANT_CONVERSION = YES;
				CLANG_WARN_DEPRECATED_OBJC_IMPLEMENTATIONS = YES;
				CLANG_WARN_DIRECT_OBJC_ISA_USAGE = YES_ERROR;
				CLANG_WARN_DOCUMENTATION_COMMENTS = YES;
				CLANG_WARN_EMPTY_BODY = YES;
				CLANG_WARN_ENUM_CONVERSION = YES;
				CLANG_WARN_INFINITE_RECURSION = YES;
				CLANG_WARN_INT_CONVERSION = YES;
				CLANG_WARN_NON_LITERAL_NULL_CONVERSION = YES;
				CLANG_WARN_OBJC_IMPLICIT_RETAIN_SELF = YES;
				CLANG_WARN_OBJC_LITERAL_CONVERSION = YES;
				CLANG_WARN_OBJC_ROOT_CLASS = YES_ERROR;
				CLANG_WARN_QUOTED_INCLUDE_IN_FRAMEWORK_HEADER = YES;
				CLANG_WARN_RANGE_LOOP_ANALYSIS = YES;
				CLANG_WARN_STRICT_PROTOTYPES = YES;
				CLANG_WARN_SUSPICIOUS_MOVE = YES;
				CLANG_WARN_UNGUARDED_AVAILABILITY = YES_AGGRESSIVE;
				CLANG_WARN_UNREACHABLE_CODE = YES;
				CLANG_WARN__DUPLICATE_METHOD_MATCH = YES;
				COPY_PHASE_STRIP = NO;
				DEBUG_INFORMATION_FORMAT = "dwarf-with-dsym";
				ENABLE_NS_ASSERTIONS = NO;
				ENABLE_STRICT_OBJC_MSGSEND = YES;
				ENABLE_USER_SCRIPT_SANDBOXING = YES;
				GCC_C_LANGUAGE_STANDARD = gnu17;
				GCC_NO_COMMON_BLOCKS = YES;
				GCC_WARN_64_TO_32_BIT_CONVERSION = YES;
				GCC_WARN_ABOUT_RETURN_TYPE = YES_ERROR;
				GCC_WARN_UNDECLARED_SELECTOR = YES;
				GCC_WARN_UNINITIALIZED_AUTOS = YES_AGGRESSIVE;
				GCC_WARN_UNUSED_FUNCTION = YES;
				GCC_WARN_UNUSED_VARIABLE = YES;
				LOCALIZATION_PREFERS_STRING_CATALOGS = YES;
				MTL_ENABLE_DEBUG_INFO = NO;
				MTL_FAST_MATH = YES;
				SWIFT_COMPILATION_MODE = wholemodule;
			};
			name = Release;
		};
		D580FB9B2C73A22000B20F14 /* Debug */ = {
			isa = XCBuildConfiguration;
			buildSettings = {
				ASSETCATALOG_COMPILER_APPICON_NAME = AppIcon;
				ASSETCATALOG_COMPILER_GLOBAL_ACCENT_COLOR_NAME = AccentColor;
				CLANG_ENABLE_MODULES = YES;
				CODE_SIGN_ENTITLEMENTS = "Bluetooth Connection/Bluetooth_Connection.entitlements";
				CODE_SIGN_STYLE = Automatic;
				CURRENT_PROJECT_VERSION = 1;
				DEVELOPMENT_ASSET_PATHS = "\"Bluetooth Connection/Preview Content\"";
				DEVELOPMENT_TEAM = 9CWTXA2Q3Z;
				ENABLE_PREVIEWS = YES;
				GENERATE_INFOPLIST_FILE = YES;
				INFOPLIST_KEY_NSBluetoothAlwaysUsageDescription = "O aplicativo precisa acessar o Bluetooth para se conectar a dispositivos próximos.";
				INFOPLIST_KEY_NSBluetoothPeripheralUsageDescription = "O aplicativo precisa acessar o Bluetooth para se conectar a dispositivos próximos.";
				"INFOPLIST_KEY_UIApplicationSceneManifest_Generation[sdk=iphoneos*]" = YES;
				"INFOPLIST_KEY_UIApplicationSceneManifest_Generation[sdk=iphonesimulator*]" = YES;
				"INFOPLIST_KEY_UIApplicationSupportsIndirectInputEvents[sdk=iphoneos*]" = YES;
				"INFOPLIST_KEY_UIApplicationSupportsIndirectInputEvents[sdk=iphonesimulator*]" = YES;
				"INFOPLIST_KEY_UILaunchScreen_Generation[sdk=iphoneos*]" = YES;
				"INFOPLIST_KEY_UILaunchScreen_Generation[sdk=iphonesimulator*]" = YES;
				"INFOPLIST_KEY_UIStatusBarStyle[sdk=iphoneos*]" = UIStatusBarStyleDefault;
				"INFOPLIST_KEY_UIStatusBarStyle[sdk=iphonesimulator*]" = UIStatusBarStyleDefault;
				INFOPLIST_KEY_UISupportedInterfaceOrientations_iPad = "UIInterfaceOrientationPortrait UIInterfaceOrientationPortraitUpsideDown UIInterfaceOrientationLandscapeLeft UIInterfaceOrientationLandscapeRight";
				INFOPLIST_KEY_UISupportedInterfaceOrientations_iPhone = "UIInterfaceOrientationPortrait UIInterfaceOrientationLandscapeLeft UIInterfaceOrientationLandscapeRight";
				INFOPLIST_KEY_UIUserInterfaceStyle = Dark;
				IPHONEOS_DEPLOYMENT_TARGET = 17.4;
				LD_RUNPATH_SEARCH_PATHS = "@executable_path/Frameworks";
				"LD_RUNPATH_SEARCH_PATHS[sdk=macosx*]" = "@executable_path/../Frameworks";
				MACOSX_DEPLOYMENT_TARGET = 14.4;
				MARKETING_VERSION = 1.0;
				PRODUCT_BUNDLE_IDENTIFIER = "Me.Bluetooth-Connection";
				PRODUCT_NAME = "$(TARGET_NAME)";
				SDKROOT = auto;
				SUPPORTED_PLATFORMS = "iphoneos iphonesimulator macosx";
				SWIFT_EMIT_LOC_STRINGS = YES;
				SWIFT_OPTIMIZATION_LEVEL = "-Onone";
				SWIFT_VERSION = 5.0;
				TARGETED_DEVICE_FAMILY = "1,2";
			};
			name = Debug;
		};
		D580FB9C2C73A22000B20F14 /* Release */ = {
			isa = XCBuildConfiguration;
			buildSettings = {
				ASSETCATALOG_COMPILER_APPICON_NAME = AppIcon;
				ASSETCATALOG_COMPILER_GLOBAL_ACCENT_COLOR_NAME = AccentColor;
				CLANG_ENABLE_MODULES = YES;
				CODE_SIGN_ENTITLEMENTS = "Bluetooth Connection/Bluetooth_Connection.entitlements";
				CODE_SIGN_STYLE = Automatic;
				CURRENT_PROJECT_VERSION = 1;
				DEVELOPMENT_ASSET_PATHS = "\"Bluetooth Connection/Preview Content\"";
				DEVELOPMENT_TEAM = 9CWTXA2Q3Z;
				ENABLE_PREVIEWS = YES;
				GENERATE_INFOPLIST_FILE = YES;
				INFOPLIST_KEY_NSBluetoothAlwaysUsageDescription = "O aplicativo precisa acessar o Bluetooth para se conectar a dispositivos próximos.";
				INFOPLIST_KEY_NSBluetoothPeripheralUsageDescription = "O aplicativo precisa acessar o Bluetooth para se conectar a dispositivos próximos.";
				"INFOPLIST_KEY_UIApplicationSceneManifest_Generation[sdk=iphoneos*]" = YES;
				"INFOPLIST_KEY_UIApplicationSceneManifest_Generation[sdk=iphonesimulator*]" = YES;
				"INFOPLIST_KEY_UIApplicationSupportsIndirectInputEvents[sdk=iphoneos*]" = YES;
				"INFOPLIST_KEY_UIApplicationSupportsIndirectInputEvents[sdk=iphonesimulator*]" = YES;
				"INFOPLIST_KEY_UILaunchScreen_Generation[sdk=iphoneos*]" = YES;
				"INFOPLIST_KEY_UILaunchScreen_Generation[sdk=iphonesimulator*]" = YES;
				"INFOPLIST_KEY_UIStatusBarStyle[sdk=iphoneos*]" = UIStatusBarStyleDefault;
				"INFOPLIST_KEY_UIStatusBarStyle[sdk=iphonesimulator*]" = UIStatusBarStyleDefault;
				INFOPLIST_KEY_UISupportedInterfaceOrientations_iPad = "UIInterfaceOrientationPortrait UIInterfaceOrientationPortraitUpsideDown UIInterfaceOrientationLandscapeLeft UIInterfaceOrientationLandscapeRight";
				INFOPLIST_KEY_UISupportedInterfaceOrientations_iPhone = "UIInterfaceOrientationPortrait UIInterfaceOrientationLandscapeLeft UIInterfaceOrientationLandscapeRight";
				INFOPLIST_KEY_UIUserInterfaceStyle = Dark;
				IPHONEOS_DEPLOYMENT_TARGET = 17.4;
				LD_RUNPATH_SEARCH_PATHS = "@executable_path/Frameworks";
				"LD_RUNPATH_SEARCH_PATHS[sdk=macosx*]" = "@executable_path/../Frameworks";
				MACOSX_DEPLOYMENT_TARGET = 14.4;
				MARKETING_VERSION = 1.0;
				PRODUCT_BUNDLE_IDENTIFIER = "Me.Bluetooth-Connection";
				PRODUCT_NAME = "$(TARGET_NAME)";
				SDKROOT = auto;
				SUPPORTED_PLATFORMS = "iphoneos iphonesimulator macosx";
				SWIFT_EMIT_LOC_STRINGS = YES;
				SWIFT_VERSION = 5.0;
				TARGETED_DEVICE_FAMILY = "1,2";
			};
			name = Release;
		};
		D580FB9E2C73A22000B20F14 /* Debug */ = {
			isa = XCBuildConfiguration;
			buildSettings = {
				ALWAYS_EMBED_SWIFT_STANDARD_LIBRARIES = YES;
				BUNDLE_LOADER = "$(TEST_HOST)";
				CODE_SIGN_STYLE = Automatic;
				CURRENT_PROJECT_VERSION = 1;
				GENERATE_INFOPLIST_FILE = YES;
				INFOPLIST_FILE = "Bluetooth-ConnectionTests-Info.plist";
				INFOPLIST_KEY_NSBluetoothAlwaysUsageDescription = "O aplicativo precisa acessar o Bluetooth para se conectar a dispositivos próximos.";
				INFOPLIST_KEY_NSBluetoothPeripheralUsageDescription = "O aplicativo precisa acessar o Bluetooth para se conectar a dispositivos próximos.";
				IPHONEOS_DEPLOYMENT_TARGET = 17.4;
				MACOSX_DEPLOYMENT_TARGET = 14.4;
				MARKETING_VERSION = 1.0;
				PRODUCT_BUNDLE_IDENTIFIER = "Me.Bluetooth-ConnectionTests";
				PRODUCT_NAME = "$(TARGET_NAME)";
				SDKROOT = auto;
				SUPPORTED_PLATFORMS = "iphoneos iphonesimulator macosx";
				SWIFT_EMIT_LOC_STRINGS = NO;
				SWIFT_VERSION = 5.0;
				TARGETED_DEVICE_FAMILY = "1,2";
				TEST_HOST = "$(BUILT_PRODUCTS_DIR)/Bluetooth Connection.app/$(BUNDLE_EXECUTABLE_FOLDER_PATH)/Bluetooth Connection";
			};
			name = Debug;
		};
		D580FB9F2C73A22000B20F14 /* Release */ = {
			isa = XCBuildConfiguration;
			buildSettings = {
				ALWAYS_EMBED_SWIFT_STANDARD_LIBRARIES = YES;
				BUNDLE_LOADER = "$(TEST_HOST)";
				CODE_SIGN_STYLE = Automatic;
				CURRENT_PROJECT_VERSION = 1;
				GENERATE_INFOPLIST_FILE = YES;
				INFOPLIST_FILE = "Bluetooth-ConnectionTests-Info.plist";
				INFOPLIST_KEY_NSBluetoothAlwaysUsageDescription = "O aplicativo precisa acessar o Bluetooth para se conectar a dispositivos próximos.";
				INFOPLIST_KEY_NSBluetoothPeripheralUsageDescription = "O aplicativo precisa acessar o Bluetooth para se conectar a dispositivos próximos.";
				IPHONEOS_DEPLOYMENT_TARGET = 17.4;
				MACOSX_DEPLOYMENT_TARGET = 14.4;
				MARKETING_VERSION = 1.0;
				PRODUCT_BUNDLE_IDENTIFIER = "Me.Bluetooth-ConnectionTests";
				PRODUCT_NAME = "$(TARGET_NAME)";
				SDKROOT = auto;
				SUPPORTED_PLATFORMS = "iphoneos iphonesimulator macosx";
				SWIFT_EMIT_LOC_STRINGS = NO;
				SWIFT_VERSION = 5.0;
				TARGETED_DEVICE_FAMILY = "1,2";
				TEST_HOST = "$(BUILT_PRODUCTS_DIR)/Bluetooth Connection.app/$(BUNDLE_EXECUTABLE_FOLDER_PATH)/Bluetooth Connection";
			};
			name = Release;
		};
		D580FBA12C73A22000B20F14 /* Debug */ = {
			isa = XCBuildConfiguration;
			buildSettings = {
				ALWAYS_EMBED_SWIFT_STANDARD_LIBRARIES = YES;
				CODE_SIGN_STYLE = Automatic;
				CURRENT_PROJECT_VERSION = 1;
				GENERATE_INFOPLIST_FILE = YES;
				INFOPLIST_KEY_NSFileProviderDomainUsageDescription = "";
				IPHONEOS_DEPLOYMENT_TARGET = 17.4;
				MACOSX_DEPLOYMENT_TARGET = 14.4;
				MARKETING_VERSION = 1.0;
				PRODUCT_BUNDLE_IDENTIFIER = "Me.Bluetooth-ConnectionUITests";
				PRODUCT_NAME = "$(TARGET_NAME)";
				SDKROOT = auto;
				SUPPORTED_PLATFORMS = "iphoneos iphonesimulator macosx";
				SWIFT_EMIT_LOC_STRINGS = NO;
				SWIFT_VERSION = 5.0;
				TARGETED_DEVICE_FAMILY = "1,2";
				TEST_TARGET_NAME = "Bluetooth Connection";
			};
			name = Debug;
		};
		D580FBA22C73A22000B20F14 /* Release */ = {
			isa = XCBuildConfiguration;
			buildSettings = {
				ALWAYS_EMBED_SWIFT_STANDARD_LIBRARIES = YES;
				CODE_SIGN_STYLE = Automatic;
				CURRENT_PROJECT_VERSION = 1;
				GENERATE_INFOPLIST_FILE = YES;
				INFOPLIST_KEY_NSFileProviderDomainUsageDescription = "";
				IPHONEOS_DEPLOYMENT_TARGET = 17.4;
				MACOSX_DEPLOYMENT_TARGET = 14.4;
				MARKETING_VERSION = 1.0;
				PRODUCT_BUNDLE_IDENTIFIER = "Me.Bluetooth-ConnectionUITests";
				PRODUCT_NAME = "$(TARGET_NAME)";
				SDKROOT = auto;
				SUPPORTED_PLATFORMS = "iphoneos iphonesimulator macosx";
				SWIFT_EMIT_LOC_STRINGS = NO;
				SWIFT_VERSION = 5.0;
				TARGETED_DEVICE_FAMILY = "1,2";
				TEST_TARGET_NAME = "Bluetooth Connection";
			};
			name = Release;
		};
/* End XCBuildConfiguration section */

/* Begin XCConfigurationList section */
		D580FB702C73A21F00B20F14 /* Build configuration list for PBXProject "Bluetooth Connection" */ = {
			isa = XCConfigurationList;
			buildConfigurations = (
				D580FB982C73A22000B20F14 /* Debug */,
				D580FB992C73A22000B20F14 /* Release */,
			);
			defaultConfigurationIsVisible = 0;
			defaultConfigurationName = Release;
		};
		D580FB9A2C73A22000B20F14 /* Build configuration list for PBXNativeTarget "Bluetooth Connection" */ = {
			isa = XCConfigurationList;
			buildConfigurations = (
				D580FB9B2C73A22000B20F14 /* Debug */,
				D580FB9C2C73A22000B20F14 /* Release */,
			);
			defaultConfigurationIsVisible = 0;
			defaultConfigurationName = Release;
		};
		D580FB9D2C73A22000B20F14 /* Build configuration list for PBXNativeTarget "Bluetooth ConnectionTests" */ = {
			isa = XCConfigurationList;
			buildConfigurations = (
				D580FB9E2C73A22000B20F14 /* Debug */,
				D580FB9F2C73A22000B20F14 /* Release */,
			);
			defaultConfigurationIsVisible = 0;
			defaultConfigurationName = Release;
		};
		D580FBA02C73A22000B20F14 /* Build configuration list for PBXNativeTarget "Bluetooth ConnectionUITests" */ = {
			isa = XCConfigurationList;
			buildConfigurations = (
				D580FBA12C73A22000B20F14 /* Debug */,
				D580FBA22C73A22000B20F14 /* Release */,
			);
			defaultConfigurationIsVisible = 0;
			defaultConfigurationName = Release;
		};
/* End XCConfigurationList section */
	};
	rootObject = D580FB6D2C73A21F00B20F14 /* Project object */;
}
